{
  "originHash" : "59c4811328302fbeabea60135dd336e190da852e7e3117fb889c334d80c46076",
  "pins" : [
    {
      "identity" : "factory",
      "kind" : "remoteSourceControl",
      "location" : "https://github.com/hmlongco/Factory",
      "state" : {
        "revision" : "56129530a97d89d03f610685d348d333af4989bb",
        "version" : "2.5.2"
      }
    },
    {
      "identity" : "swiftgenplugin",
      "kind" : "remoteSourceControl",
      "location" : "https://github.com/SwiftGen/SwiftGenPlugin",
      "state" : {
        "revision" : "879b85a470cacd70c19e22eb7e11a3aed66f4068",
        "version" : "6.6.2"
      }
    }
  ],
  "version" : 3
}
